Microsoft Visual Studio Solution File, Format Version 12.00
# Visual Studio 2012
Project("{FAE04EC0-301F-11D3-BF4B-00C04F79EFBC}") = "Template", "Template.csproj", "{F1A8983F-36AE-4887-AB51-1832D09638EB}"
EndProject
Project("{FAE04EC0-301F-11D3-BF4B-00C04F79EFBC}") = "Tests", "..\tests\Tests.csproj", "{954C95CF-D3E1-4F5F-96EB-CDE4A0E6CFC6}"
EndProject
Project("{FAE04EC0-301F-11D3-BF4B-00C04F79EFBC}") = "GodotXUnitApi", "addons\GodotXUnit\GodotXUnitApi\GodotXUnitApi.csproj", "{06417CA9-47A6-44C4-B5D9-D623F0FF10A4}"
EndProject
Global
	GlobalSection(SolutionConfigurationPlatforms) = preSolution
		Debug|Any CPU = Debug|Any CPU
		ExportDebug|Any CPU = ExportDebug|Any CPU
		ExportRelease|Any CPU = ExportRelease|Any CPU
		Release|Any CPU = Release|Any CPU
	EndGlobalSection
	GlobalSection(ProjectConfigurationPlatforms) = postSolution
		{F1A8983F-36AE-4887-AB51-1832D09638EB}.Debug|Any CPU.ActiveCfg = Debug|Any CPU
		{F1A8983F-36AE-4887-AB51-1832D09638EB}.Debug|Any CPU.Build.0 = Debug|Any CPU
		{F1A8983F-36AE-4887-AB51-1832D09638EB}.ExportDebug|Any CPU.ActiveCfg = ExportDebug|Any CPU
		{F1A8983F-36AE-4887-AB51-1832D09638EB}.ExportDebug|Any CPU.Build.0 = ExportDebug|Any CPU
		{F1A8983F-36AE-4887-AB51-1832D09638EB}.ExportRelease|Any CPU.ActiveCfg = ExportRelease|Any CPU
		{F1A8983F-36AE-4887-AB51-1832D09638EB}.ExportRelease|Any CPU.Build.0 = ExportRelease|Any CPU
		{F1A8983F-36AE-4887-AB51-1832D09638EB}.Release|Any CPU.ActiveCfg = Release|Any CPU
		{F1A8983F-36AE-4887-AB51-1832D09638EB}.Release|Any CPU.Build.0 = Release|Any CPU
		{954C95CF-D3E1-4F5F-96EB-CDE4A0E6CFC6}.Debug|Any CPU.ActiveCfg = Debug|Any CPU
		{954C95CF-D3E1-4F5F-96EB-CDE4A0E6CFC6}.Debug|Any CPU.Build.0 = Debug|Any CPU
		{954C95CF-D3E1-4F5F-96EB-CDE4A0E6CFC6}.ExportDebug|Any CPU.ActiveCfg = Debug|Any CPU
		{954C95CF-D3E1-4F5F-96EB-CDE4A0E6CFC6}.ExportRelease|Any CPU.ActiveCfg = Release|Any CPU
		{954C95CF-D3E1-4F5F-96EB-CDE4A0E6CFC6}.Release|Any CPU.ActiveCfg = Release|Any CPU
		{06417CA9-47A6-44C4-B5D9-D623F0FF10A4}.Debug|Any CPU.ActiveCfg = Debug|Any CPU
		{06417CA9-47A6-44C4-B5D9-D623F0FF10A4}.Debug|Any CPU.Build.0 = Debug|Any CPU
		{06417CA9-47A6-44C4-B5D9-D623F0FF10A4}.ExportDebug|Any CPU.ActiveCfg = Debug|Any CPU
		{06417CA9-47A6-44C4-B5D9-D623F0FF10A4}.ExportRelease|Any CPU.ActiveCfg = Release|Any CPU
		{06417CA9-47A6-44C4-B5D9-D623F0FF10A4}.Release|Any CPU.ActiveCfg = Release|Any CPU
	EndGlobalSection
EndGlobal
